
Microsoft Visual Studio Solution File, Format Version 12.00
# Visual Studio 14
VisualStudioVersion = 14.0.25420.1
MinimumVisualStudioVersion = 10.0.40219.1
Project("{2150E333-8FDC-42A3-9474-1A3956D46DE8}") = "Solution Items", "Solution Items", "{A5A8D2A7-F654-42C6-B93E-8E51E549CF18}"
	ProjectSection(SolutionItems) = preProject
		global.json = global.json
		LocalTestRun.testrunconfig = LocalTestRun.testrunconfig
		Robots.vsmdi = Robots.vsmdi
	EndProjectSection
EndProject
Project("{8BB2217D-0F2D-49D1-97BC-3654ED321F3B}") = "Robots", "Robots\Robots.xproj", "{B5729D4A-C544-4EDB-9CD8-206C9E8E3293}"
EndProject
Project("{8BB2217D-0F2D-49D1-97BC-3654ED321F3B}") = "RobotsTests", "RobotsTests\RobotsTests.xproj", "{70B7A313-BC49-4719-9DCD-00A4FC147886}"
EndProject
Global
	GlobalSection(SolutionConfigurationPlatforms) = preSolution
		Debug|Any CPU = Debug|Any CPU
		Release|Any CPU = Release|Any CPU
	EndGlobalSection
	GlobalSection(ProjectConfigurationPlatforms) = postSolution
		{B5729D4A-C544-4EDB-9CD8-206C9E8E3293}.Debug|Any CPU.ActiveCfg = Debug|Any CPU
		{B5729D4A-C544-4EDB-9CD8-206C9E8E3293}.Debug|Any CPU.Build.0 = Debug|Any CPU
		{B5729D4A-C544-4EDB-9CD8-206C9E8E3293}.Release|Any CPU.ActiveCfg = Release|Any CPU
		{B5729D4A-C544-4EDB-9CD8-206C9E8E3293}.Release|Any CPU.Build.0 = Release|Any CPU
		{70B7A313-BC49-4719-9DCD-00A4FC147886}.Debug|Any CPU.ActiveCfg = Debug|Any CPU
		{70B7A313-BC49-4719-9DCD-00A4FC147886}.Debug|Any CPU.Build.0 = Debug|Any CPU
		{70B7A313-BC49-4719-9DCD-00A4FC147886}.Release|Any CPU.ActiveCfg = Release|Any CPU
		{70B7A313-BC49-4719-9DCD-00A4FC147886}.Release|Any CPU.Build.0 = Release|Any CPU
	EndGlobalSection
	GlobalSection(SolutionProperties) = preSolution
		HideSolutionNode = FALSE
	EndGlobalSection
	GlobalSection(TestCaseManagementSettings) = postSolution
		CategoryFile = Robots.vsmdi
	EndGlobalSection
EndGlobal
