
Microsoft Visual Studio Solution File, Format Version 12.00
# Visual Studio 14
VisualStudioVersion = 14.0.25420.1
MinimumVisualStudioVersion = 10.0.40219.1
Project("{2150E333-8FDC-42A3-9474-1A3956D46DE8}") = "Solution Items", "Solution Items", "{A5A8D2A7-F654-42C6-B93E-8E51E549CF18}"
	ProjectSection(SolutionItems) = preProject
		LocalTestRun.testrunconfig = LocalTestRun.testrunconfig
		Robots.vsmdi = Robots.vsmdi
	EndProjectSection
EndProject
Project("{FAE04EC0-301F-11D3-BF4B-00C04F79EFBC}") = "Robots", "Robots\Robots.csproj", "{2583D0B0-9F70-4B5C-A190-673C86AF3318}"
EndProject
Project("{FAE04EC0-301F-11D3-BF4B-00C04F79EFBC}") = "RobotsTests", "RobotsTests\RobotsTests.csproj", "{4FAA1E98-061B-4B7C-9509-6BF03EE87CF8}"
EndProject
Global
	GlobalSection(SolutionConfigurationPlatforms) = preSolution
		Debug|Any CPU = Debug|Any CPU
		Release|Any CPU = Release|Any CPU
	EndGlobalSection
	GlobalSection(ProjectConfigurationPlatforms) = postSolution
		{2583D0B0-9F70-4B5C-A190-673C86AF3318}.Debug|Any CPU.ActiveCfg = Debug|Any CPU
		{2583D0B0-9F70-4B5C-A190-673C86AF3318}.Debug|Any CPU.Build.0 = Debug|Any CPU
		{2583D0B0-9F70-4B5C-A190-673C86AF3318}.Release|Any CPU.ActiveCfg = Release|Any CPU
		{2583D0B0-9F70-4B5C-A190-673C86AF3318}.Release|Any CPU.Build.0 = Release|Any CPU
		{4FAA1E98-061B-4B7C-9509-6BF03EE87CF8}.Debug|Any CPU.ActiveCfg = Debug|Any CPU
		{4FAA1E98-061B-4B7C-9509-6BF03EE87CF8}.Debug|Any CPU.Build.0 = Debug|Any CPU
		{4FAA1E98-061B-4B7C-9509-6BF03EE87CF8}.Release|Any CPU.ActiveCfg = Release|Any CPU
		{4FAA1E98-061B-4B7C-9509-6BF03EE87CF8}.Release|Any CPU.Build.0 = Release|Any CPU
	EndGlobalSection
	GlobalSection(SolutionProperties) = preSolution
		HideSolutionNode = FALSE
	EndGlobalSection
	GlobalSection(TestCaseManagementSettings) = postSolution
		CategoryFile = Robots.vsmdi
	EndGlobalSection
EndGlobal
